
Microsoft Visual Studio Solution File, Format Version 12.00
# Visual Studio 15
VisualStudioVersion = 15.0.28307.572
MinimumVisualStudioVersion = 10.0.40219.1
Project("{FAE04EC0-301F-11D3-BF4B-00C04F79EFBC}") = "Templates.WebUi", "Templates.WebUi\Templates.WebUi.csproj", "{6C7491FE-F606-4380-BBD3-2B7A98D766D9}"
EndProject
Project("{FAE04EC0-301F-11D3-BF4B-00C04F79EFBC}") = "Templates.DataAccess", "Templates.DataAccess\Templates.DataAccess.csproj", "{679C78C2-BDA5-4FBD-84A8-96D22A081510}"
EndProject
Project("{FAE04EC0-301F-11D3-BF4B-00C04F79EFBC}") = "Templates.WebUi", "Templates.WebUi\Templates.WebUi.csproj", "{8C92B7A9-5B65-4C82-8935-DF3B40B881A3}"
EndProject
Global
	GlobalSection(SolutionConfigurationPlatforms) = preSolution
		Debug|Any CPU = Debug|Any CPU
		Release|Any CPU = Release|Any CPU
	EndGlobalSection
	GlobalSection(ProjectConfigurationPlatforms) = postSolution
		{6C7491FE-F606-4380-BBD3-2B7A98D766D9}.Debug|Any CPU.ActiveCfg = Debug|Any CPU
		{6C7491FE-F606-4380-BBD3-2B7A98D766D9}.Debug|Any CPU.Build.0 = Debug|Any CPU
		{6C7491FE-F606-4380-BBD3-2B7A98D766D9}.Release|Any CPU.ActiveCfg = Release|Any CPU
		{6C7491FE-F606-4380-BBD3-2B7A98D766D9}.Release|Any CPU.Build.0 = Release|Any CPU
		{679C78C2-BDA5-4FBD-84A8-96D22A081510}.Debug|Any CPU.ActiveCfg = Debug|Any CPU
		{679C78C2-BDA5-4FBD-84A8-96D22A081510}.Debug|Any CPU.Build.0 = Debug|Any CPU
		{679C78C2-BDA5-4FBD-84A8-96D22A081510}.Release|Any CPU.ActiveCfg = Release|Any CPU
		{679C78C2-BDA5-4FBD-84A8-96D22A081510}.Release|Any CPU.Build.0 = Release|Any CPU
		{8C92B7A9-5B65-4C82-8935-DF3B40B881A3}.Debug|Any CPU.ActiveCfg = Debug|Any CPU
		{8C92B7A9-5B65-4C82-8935-DF3B40B881A3}.Debug|Any CPU.Build.0 = Debug|Any CPU
		{8C92B7A9-5B65-4C82-8935-DF3B40B881A3}.Release|Any CPU.ActiveCfg = Release|Any CPU
		{8C92B7A9-5B65-4C82-8935-DF3B40B881A3}.Release|Any CPU.Build.0 = Release|Any CPU
	EndGlobalSection
	GlobalSection(SolutionProperties) = preSolution
		HideSolutionNode = FALSE
	EndGlobalSection
	GlobalSection(ExtensibilityGlobals) = postSolution
		SolutionGuid = {4C08328A-00CA-47E8-941A-FA28C22F95AC}
	EndGlobalSection
EndGlobal
